// !$*UTF8*$!
{
	archiveVersion = 1;
	classes = {
	};
	objectVersion = 51;
	objects = {

/* Begin PBXBuildFile section */
		09F568981D0349ECEA992ABE /* Pods_ZebaAcademy.framework in Frameworks */ = {isa = PBXBuildFile; fileRef = F19ED5F21381075AFFE883F1 /* Pods_ZebaAcademy.framework */; };
		F7110853240D17E8002E0FCD /* Assets.xcassets in Resources */ = {isa = PBXBuildFile; fileRef = F7110852240D17E8002E0FCD /* Assets.xcassets */; };
		F711085E240D1BF8002E0FCD /* GoogleService-Info.plist in Resources */ = {isa = PBXBuildFile; fileRef = F711085D240D1BF8002E0FCD /* GoogleService-Info.plist */; };
		F711086C240D1D45002E0FCD /* LaunchScreen.storyboard in Resources */ = {isa = PBXBuildFile; fileRef = F7110860240D1D43002E0FCD /* LaunchScreen.storyboard */; };
		F711086D240D1D45002E0FCD /* .gitignore in Resources */ = {isa = PBXBuildFile; fileRef = F7110861240D1D44002E0FCD /* .gitignore */; };
		F711086E240D1D45002E0FCD /* SceneDelegate.swift in Sources */ = {isa = PBXBuildFile; fileRef = F7110862240D1D44002E0FCD /* SceneDelegate.swift */; };
		F711086F240D1D45002E0FCD /* CalendarVars.swift in Sources */ = {isa = PBXBuildFile; fileRef = F7110863240D1D44002E0FCD /* CalendarVars.swift */; };
		F7110870240D1D45002E0FCD /* AppDelegate.swift in Sources */ = {isa = PBXBuildFile; fileRef = F7110864240D1D44002E0FCD /* AppDelegate.swift */; };
		F7110871240D1D45002E0FCD /* ViewController.swift in Sources */ = {isa = PBXBuildFile; fileRef = F7110866240D1D45002E0FCD /* ViewController.swift */; };
		F7110872240D1D45002E0FCD /* EventsViewController.swift in Sources */ = {isa = PBXBuildFile; fileRef = F7110867240D1D45002E0FCD /* EventsViewController.swift */; };
		F7110873240D1D45002E0FCD /* LoginController.swift in Sources */ = {isa = PBXBuildFile; fileRef = F7110868240D1D45002E0FCD /* LoginController.swift */; };
		F7110874240D1D45002E0FCD /* EventsAddViewController.swift in Sources */ = {isa = PBXBuildFile; fileRef = F7110869240D1D45002E0FCD /* EventsAddViewController.swift */; };
		F7110875240D1D45002E0FCD /* DateCollectionViewCell.swift in Sources */ = {isa = PBXBuildFile; fileRef = F711086A240D1D45002E0FCD /* DateCollectionViewCell.swift */; };
		F7110876240D1D45002E0FCD /* Main.storyboard in Resources */ = {isa = PBXBuildFile; fileRef = F711086B240D1D45002E0FCD /* Main.storyboard */; };
/* End PBXBuildFile section */

/* Begin PBXFileReference section */
		BB6279CDF3AC1437426CABB9 /* Pods-ZebaAcademy.release.xcconfig */ = {isa = PBXFileReference; includeInIndex = 1; lastKnownFileType = text.xcconfig; name = "Pods-ZebaAcademy.release.xcconfig"; path = "Target Support Files/Pods-ZebaAcademy/Pods-ZebaAcademy.release.xcconfig"; sourceTree = "<group>"; };
		BBCCC93E95CF655852631B2B /* Pods-ZebaAcademy.debug.xcconfig */ = {isa = PBXFileReference; includeInIndex = 1; lastKnownFileType = text.xcconfig; name = "Pods-ZebaAcademy.debug.xcconfig"; path = "Target Support Files/Pods-ZebaAcademy/Pods-ZebaAcademy.debug.xcconfig"; sourceTree = "<group>"; };
		F19ED5F21381075AFFE883F1 /* Pods_ZebaAcademy.framework */ = {isa = PBXFileReference; explicitFileType = wrapper.framework; includeInIndex = 0; path = Pods_ZebaAcademy.framework; sourceTree = BUILT_PRODUCTS_DIR; };
		F7110846240D17E2002E0FCD /* ZebaAcademy.app */ = {isa = PBXFileReference; explicitFileType = wrapper.application; includeInIndex = 0; path = ZebaAcademy.app; sourceTree = BUILT_PRODUCTS_DIR; };
		F7110852240D17E8002E0FCD /* Assets.xcassets */ = {isa = PBXFileReference; lastKnownFileType = folder.assetcatalog; path = Assets.xcassets; sourceTree = "<group>"; };
		F7110857240D17E8002E0FCD /* Info.plist */ = {isa = PBXFileReference; lastKnownFileType = text.plist.xml; path = Info.plist; sourceTree = "<group>"; };
		F711085D240D1BF8002E0FCD /* GoogleService-Info.plist */ = {isa = PBXFileReference; fileEncoding = 4; lastKnownFileType = text.plist.xml; path = "GoogleService-Info.plist"; sourceTree = "<group>"; };
		F711085F240D1D43002E0FCD /* ZebaAcademy-Bridging-Header.h */ = {isa = PBXFileReference; lastKnownFileType = sourcecode.c.h; path = "ZebaAcademy-Bridging-Header.h"; sourceTree = "<group>"; };
		F7110860240D1D43002E0FCD /* LaunchScreen.storyboard */ = {isa = PBXFileReference; fileEncoding = 4; lastKnownFileType = file.storyboard; path = LaunchScreen.storyboard; sourceTree = "<group>"; };
		F7110861240D1D44002E0FCD /* .gitignore */ = {isa = PBXFileReference; fileEncoding = 4; lastKnownFileType = text; path = .gitignore; sourceTree = "<group>"; };
		F7110862240D1D44002E0FCD /* SceneDelegate.swift */ = {isa = PBXFileReference; fileEncoding = 4; lastKnownFileType = sourcecode.swift; path = SceneDelegate.swift; sourceTree = "<group>"; };
		F7110863240D1D44002E0FCD /* CalendarVars.swift */ = {isa = PBXFileReference; fileEncoding = 4; lastKnownFileType = sourcecode.swift; path = CalendarVars.swift; sourceTree = "<group>"; };
		F7110864240D1D44002E0FCD /* AppDelegate.swift */ = {isa = PBXFileReference; fileEncoding = 4; lastKnownFileType = sourcecode.swift; path = AppDelegate.swift; sourceTree = "<group>"; };
		F7110866240D1D45002E0FCD /* ViewController.swift */ = {isa = PBXFileReference; fileEncoding = 4; lastKnownFileType = sourcecode.swift; path = ViewController.swift; sourceTree = "<group>"; };
		F7110867240D1D45002E0FCD /* EventsViewController.swift */ = {isa = PBXFileReference; fileEncoding = 4; lastKnownFileType = sourcecode.swift; path = EventsViewController.swift; sourceTree = "<group>"; };
		F7110868240D1D45002E0FCD /* LoginController.swift */ = {isa = PBXFileReference; fileEncoding = 4; lastKnownFileType = sourcecode.swift; path = LoginController.swift; sourceTree = "<group>"; };
		F7110869240D1D45002E0FCD /* EventsAddViewController.swift */ = {isa = PBXFileReference; fileEncoding = 4; lastKnownFileType = sourcecode.swift; path = EventsAddViewController.swift; sourceTree = "<group>"; };
		F711086A240D1D45002E0FCD /* DateCollectionViewCell.swift */ = {isa = PBXFileReference; fileEncoding = 4; lastKnownFileType = sourcecode.swift; path = DateCollectionViewCell.swift; sourceTree = "<group>"; };
		F711086B240D1D45002E0FCD /* Main.storyboard */ = {isa = PBXFileReference; fileEncoding = 4; lastKnownFileType = file.storyboard; path = Main.storyboard; sourceTree = "<group>"; };
/* End PBXFileReference section */

/* Begin PBXFrameworksBuildPhase section */
		F7110843240D17E2002E0FCD /* Frameworks */ = {
			isa = PBXFrameworksBuildPhase;
			buildActionMask = 2147483647;
			files = (
				09F568981D0349ECEA992ABE /* Pods_ZebaAcademy.framework in Frameworks */,
			);
			runOnlyForDeploymentPostprocessing = 0;
		};
/* End PBXFrameworksBuildPhase section */

/* Begin PBXGroup section */
		B4AFB962AD8D943EBC6FF134 /* Pods */ = {
			isa = PBXGroup;
			children = (
				BBCCC93E95CF655852631B2B /* Pods-ZebaAcademy.debug.xcconfig */,
				BB6279CDF3AC1437426CABB9 /* Pods-ZebaAcademy.release.xcconfig */,
			);
			path = Pods;
			sourceTree = "<group>";
		};
		D191C1187DC6B0334B2A356F /* Frameworks */ = {
			isa = PBXGroup;
			children = (
				F19ED5F21381075AFFE883F1 /* Pods_ZebaAcademy.framework */,
			);
			name = Frameworks;
			sourceTree = "<group>";
		};
		F711083D240D17E2002E0FCD = {
			isa = PBXGroup;
			children = (
				F7110848240D17E2002E0FCD /* ZebaAcademy */,
				F7110847240D17E2002E0FCD /* Products */,
				B4AFB962AD8D943EBC6FF134 /* Pods */,
				D191C1187DC6B0334B2A356F /* Frameworks */,
			);
			sourceTree = "<group>";
		};
		F7110847240D17E2002E0FCD /* Products */ = {
			isa = PBXGroup;
			children = (
				F7110846240D17E2002E0FCD /* ZebaAcademy.app */,
			);
			name = Products;
			sourceTree = "<group>";
		};
		F7110848240D17E2002E0FCD /* ZebaAcademy */ = {
			isa = PBXGroup;
			children = (
				F7110865240D1D45002E0FCD /* Controllers */,
				F7110861240D1D44002E0FCD /* .gitignore */,
				F7110864240D1D44002E0FCD /* AppDelegate.swift */,
				F7110863240D1D44002E0FCD /* CalendarVars.swift */,
				F711086A240D1D45002E0FCD /* DateCollectionViewCell.swift */,
				F711086B240D1D45002E0FCD /* Main.storyboard */,
				F7110860240D1D43002E0FCD /* LaunchScreen.storyboard */,
				F7110862240D1D44002E0FCD /* SceneDelegate.swift */,
				F711085D240D1BF8002E0FCD /* GoogleService-Info.plist */,
				F7110852240D17E8002E0FCD /* Assets.xcassets */,
				F7110857240D17E8002E0FCD /* Info.plist */,
				F711085F240D1D43002E0FCD /* ZebaAcademy-Bridging-Header.h */,
			);
			path = ZebaAcademy;
			sourceTree = "<group>";
		};
		F7110865240D1D45002E0FCD /* Controllers */ = {
			isa = PBXGroup;
			children = (
				F7110866240D1D45002E0FCD /* ViewController.swift */,
				F7110867240D1D45002E0FCD /* EventsViewController.swift */,
				F7110868240D1D45002E0FCD /* LoginController.swift */,
				F7110869240D1D45002E0FCD /* EventsAddViewController.swift */,
			);
			path = Controllers;
			sourceTree = "<group>";
		};
/* End PBXGroup section */

/* Begin PBXNativeTarget section */
		F7110845240D17E2002E0FCD /* ZebaAcademy */ = {
			isa = PBXNativeTarget;
			buildConfigurationList = F711085A240D17E8002E0FCD /* Build configuration list for PBXNativeTarget "ZebaAcademy" */;
			buildPhases = (
				391ADBCC4E53DC45EB19DD01 /* [CP] Check Pods Manifest.lock */,
				F7110842240D17E2002E0FCD /* Sources */,
				F7110843240D17E2002E0FCD /* Frameworks */,
				F7110844240D17E2002E0FCD /* Resources */,
				E1B276B15C52783293C05B20 /* [CP] Embed Pods Frameworks */,
				370A74DF0FE2CDDF5E967A82 /* [CP] Copy Pods Resources */,
			);
			buildRules = (
			);
			dependencies = (
			);
			name = ZebaAcademy;
			productName = ZebaAcademy;
			productReference = F7110846240D17E2002E0FCD /* ZebaAcademy.app */;
			productType = "com.apple.product-type.application";
		};
/* End PBXNativeTarget section */

/* Begin PBXProject section */
		F711083E240D17E2002E0FCD /* Project object */ = {
			isa = PBXProject;
			attributes = {
				LastSwiftUpdateCheck = 1130;
				LastUpgradeCheck = 1130;
				ORGANIZATIONNAME = Parakozm;
				TargetAttributes = {
					F7110845240D17E2002E0FCD = {
						CreatedOnToolsVersion = 11.3.1;
						LastSwiftMigration = 1130;
					};
				};
			};
			buildConfigurationList = F7110841240D17E2002E0FCD /* Build configuration list for PBXProject "ZebaAcademy" */;
			compatibilityVersion = "Xcode 9.3";
			developmentRegion = en;
			hasScannedForEncodings = 0;
			knownRegions = (
				en,
				Base,
			);
			mainGroup = F711083D240D17E2002E0FCD;
			productRefGroup = F7110847240D17E2002E0FCD /* Products */;
			projectDirPath = "";
			projectRoot = "";
			targets = (
				F7110845240D17E2002E0FCD /* ZebaAcademy */,
			);
		};
/* End PBXProject section */

/* Begin PBXResourcesBuildPhase section */
		F7110844240D17E2002E0FCD /* Resources */ = {
			isa = PBXResourcesBuildPhase;
			buildActionMask = 2147483647;
			files = (
				F711086D240D1D45002E0FCD /* .gitignore in Resources */,
				F7110876240D1D45002E0FCD /* Main.storyboard in Resources */,
				F711086C240D1D45002E0FCD /* LaunchScreen.storyboard in Resources */,
				F711085E240D1BF8002E0FCD /* GoogleService-Info.plist in Resources */,
				F7110853240D17E8002E0FCD /* Assets.xcassets in Resources */,
			);
			runOnlyForDeploymentPostprocessing = 0;
		};
/* End PBXResourcesBuildPhase section */

/* Begin PBXShellScriptBuildPhase section */
		370A74DF0FE2CDDF5E967A82 /* [CP] Copy Pods Resources */ = {
			isa = PBXShellScriptBuildPhase;
			buildActionMask = 2147483647;
			files = (
			);
			inputFileListPaths = (
				"${PODS_ROOT}/Target Support Files/Pods-ZebaAcademy/Pods-ZebaAcademy-resources-${CONFIGURATION}-input-files.xcfilelist",
			);
			name = "[CP] Copy Pods Resources";
			outputFileListPaths = (
				"${PODS_ROOT}/Target Support Files/Pods-ZebaAcademy/Pods-ZebaAcademy-resources-${CONFIGURATION}-output-files.xcfilelist",
			);
			runOnlyForDeploymentPostprocessing = 0;
			shellPath = /bin/sh;
			shellScript = "\"${PODS_ROOT}/Target Support Files/Pods-ZebaAcademy/Pods-ZebaAcademy-resources.sh\"\n";
			showEnvVarsInLog = 0;
		};
		391ADBCC4E53DC45EB19DD01 /* [CP] Check Pods Manifest.lock */ = {
			isa = PBXShellScriptBuildPhase;
			buildActionMask = 2147483647;
			files = (
			);
			inputFileListPaths = (
			);
			inputPaths = (
				"${PODS_PODFILE_DIR_PATH}/Podfile.lock",
				"${PODS_ROOT}/Manifest.lock",
			);
			name = "[CP] Check Pods Manifest.lock";
			outputFileListPaths = (
			);
			outputPaths = (
				"$(DERIVED_FILE_DIR)/Pods-ZebaAcademy-checkManifestLockResult.txt",
			);
			runOnlyForDeploymentPostprocessing = 0;
			shellPath = /bin/sh;
			shellScript = "diff \"${PODS_PODFILE_DIR_PATH}/Podfile.lock\" \"${PODS_ROOT}/Manifest.lock\" > /dev/null\nif [ $? != 0 ] ; then\n    # print error to STDERR\n    echo \"error: The sandbox is not in sync with the Podfile.lock. Run 'pod install' or update your CocoaPods installation.\" >&2\n    exit 1\nfi\n# This output is used by Xcode 'outputs' to avoid re-running this script phase.\necho \"SUCCESS\" > \"${SCRIPT_OUTPUT_FILE_0}\"\n";
			showEnvVarsInLog = 0;
		};
		E1B276B15C52783293C05B20 /* [CP] Embed Pods Frameworks */ = {
			isa = PBXShellScriptBuildPhase;
			buildActionMask = 2147483647;
			files = (
			);
			inputFileListPaths = (
				"${PODS_ROOT}/Target Support Files/Pods-ZebaAcademy/Pods-ZebaAcademy-frameworks-${CONFIGURATION}-input-files.xcfilelist",
			);
			name = "[CP] Embed Pods Frameworks";
			outputFileListPaths = (
				"${PODS_ROOT}/Target Support Files/Pods-ZebaAcademy/Pods-ZebaAcademy-frameworks-${CONFIGURATION}-output-files.xcfilelist",
			);
			runOnlyForDeploymentPostprocessing = 0;
			shellPath = /bin/sh;
			shellScript = "\"${PODS_ROOT}/Target Support Files/Pods-ZebaAcademy/Pods-ZebaAcademy-frameworks.sh\"\n";
			showEnvVarsInLog = 0;
		};
/* End PBXShellScriptBuildPhase section */

/* Begin PBXSourcesBuildPhase section */
		F7110842240D17E2002E0FCD /* Sources */ = {
			isa = PBXSourcesBuildPhase;
			buildActionMask = 2147483647;
			files = (
				F7110870240D1D45002E0FCD /* AppDelegate.swift in Sources */,
				F7110873240D1D45002E0FCD /* LoginController.swift in Sources */,
				F711086E240D1D45002E0FCD /* SceneDelegate.swift in Sources */,
				F7110871240D1D45002E0FCD /* ViewController.swift in Sources */,
				F7110875240D1D45002E0FCD /* DateCollectionViewCell.swift in Sources */,
				F7110874240D1D45002E0FCD /* EventsAddViewController.swift in Sources */,
				F711086F240D1D45002E0FCD /* CalendarVars.swift in Sources */,
				F7110872240D1D45002E0FCD /* EventsViewController.swift in Sources */,
			);
			runOnlyForDeploymentPostprocessing = 0;
		};
/* End PBXSourcesBuildPhase section */

/* Begin XCBuildConfiguration section */
		F7110858240D17E8002E0FCD /* Debug */ = {
			isa = XCBuildConfiguration;
			buildSettings = {
				ALWAYS_SEARCH_USER_PATHS = NO;
				CLANG_ANALYZER_NONNULL = YES;
				CLANG_ANALYZER_NUMBER_OBJECT_CONVERSION = YES_AGGRESSIVE;
				CLANG_CXX_LANGUAGE_STANDARD = "gnu++14";
				CLANG_CXX_LIBRARY = "libc++";
				CLANG_ENABLE_MODULES = YES;
				CLANG_ENABLE_OBJC_ARC = YES;
				CLANG_ENABLE_OBJC_WEAK = YES;
				CLANG_WARN_BLOCK_CAPTURE_AUTORELEASING = YES;
				CLANG_WARN_BOOL_CONVERSION = YES;
				CLANG_WARN_COMMA = YES;
				CLANG_WARN_CONSTANT_CONVERSION = YES;
				CLANG_WARN_DEPRECATED_OBJC_IMPLEMENTATIONS = YES;
				CLANG_WARN_DIRECT_OBJC_ISA_USAGE = YES_ERROR;
				CLANG_WARN_DOCUMENTATION_COMMENTS = YES;
				CLANG_WARN_EMPTY_BODY = YES;
				CLANG_WARN_ENUM_CONVERSION = YES;
				CLANG_WARN_INFINITE_RECURSION = YES;
				CLANG_WARN_INT_CONVERSION = YES;
				CLANG_WARN_NON_LITERAL_NULL_CONVERSION = YES;
				CLANG_WARN_OBJC_IMPLICIT_RETAIN_SELF = YES;
				CLANG_WARN_OBJC_LITERAL_CONVERSION = YES;
				CLANG_WARN_OBJC_ROOT_CLASS = YES_ERROR;
				CLANG_WARN_RANGE_LOOP_ANALYSIS = YES;
				CLANG_WARN_STRICT_PROTOTYPES = YES;
				CLANG_WARN_SUSPICIOUS_MOVE = YES;
				CLANG_WARN_UNGUARDED_AVAILABILITY = YES_AGGRESSIVE;
				CLANG_WARN_UNREACHABLE_CODE = YES;
				CLANG_WARN__DUPLICATE_METHOD_MATCH = YES;
				COPY_PHASE_STRIP = NO;
				DEBUG_INFORMATION_FORMAT = dwarf;
				ENABLE_STRICT_OBJC_MSGSEND = YES;
				ENABLE_TESTABILITY = YES;
				GCC_C_LANGUAGE_STANDARD = gnu11;
				GCC_DYNAMIC_NO_PIC = NO;
				GCC_NO_COMMON_BLOCKS = YES;
				GCC_OPTIMIZATION_LEVEL = 0;
				GCC_PREPROCESSOR_DEFINITIONS = (
					"DEBUG=1",
					"$(inherited)",
				);
				GCC_WARN_64_TO_32_BIT_CONVERSION = YES;
				GCC_WARN_ABOUT_RETURN_TYPE = YES_ERROR;
				GCC_WARN_UNDECLARED_SELECTOR = YES;
				GCC_WARN_UNINITIALIZED_AUTOS = YES_AGGRESSIVE;
				GCC_WARN_UNUSED_FUNCTION = YES;
				GCC_WARN_UNUSED_VARIABLE = YES;
				IPHONEOS_DEPLOYMENT_TARGET = 13.2;
				MTL_ENABLE_DEBUG_INFO = INCLUDE_SOURCE;
				MTL_FAST_MATH = YES;
				ONLY_ACTIVE_ARCH = YES;
				SDKROOT = iphoneos;
				SWIFT_ACTIVE_COMPILATION_CONDITIONS = DEBUG;
				SWIFT_OPTIMIZATION_LEVEL = "-Onone";
			};
			name = Debug;
		};
		F7110859240D17E8002E0FCD /* Release */ = {
			isa = XCBuildConfiguration;
			buildSettings = {
				ALWAYS_SEARCH_USER_PATHS = NO;
				CLANG_ANALYZER_NONNULL = YES;
				CLANG_ANALYZER_NUMBER_OBJECT_CONVERSION = YES_AGGRESSIVE;
				CLANG_CXX_LANGUAGE_STANDARD = "gnu++14";
				CLANG_CXX_LIBRARY = "libc++";
				CLANG_ENABLE_MODULES = YES;
				CLANG_ENABLE_OBJC_ARC = YES;
				CLANG_ENABLE_OBJC_WEAK = YES;
				CLANG_WARN_BLOCK_CAPTURE_AUTORELEASING = YES;
				CLANG_WARN_BOOL_CONVERSION = YES;
				CLANG_WARN_COMMA = YES;
				CLANG_WARN_CONSTANT_CONVERSION = YES;
				CLANG_WARN_DEPRECATED_OBJC_IMPLEMENTATIONS = YES;
				CLANG_WARN_DIRECT_OBJC_ISA_USAGE = YES_ERROR;
				CLANG_WARN_DOCUMENTATION_COMMENTS = YES;
				CLANG_WARN_EMPTY_BODY = YES;
				CLANG_WARN_ENUM_CONVERSION = YES;
				CLANG_WARN_INFINITE_RECURSION = YES;
				CLANG_WARN_INT_CONVERSION = YES;
				CLANG_WARN_NON_LITERAL_NULL_CONVERSION = YES;
				CLANG_WARN_OBJC_IMPLICIT_RETAIN_SELF = YES;
				CLANG_WARN_OBJC_LITERAL_CONVERSION = YES;
				CLANG_WARN_OBJC_ROOT_CLASS = YES_ERROR;
				CLANG_WARN_RANGE_LOOP_ANALYSIS = YES;
				CLANG_WARN_STRICT_PROTOTYPES = YES;
				CLANG_WARN_SUSPICIOUS_MOVE = YES;
				CLANG_WARN_UNGUARDED_AVAILABILITY = YES_AGGRESSIVE;
				CLANG_WARN_UNREACHABLE_CODE = YES;
				CLANG_WARN__DUPLICATE_METHOD_MATCH = YES;
				COPY_PHASE_STRIP = NO;
				DEBUG_INFORMATION_FORMAT = "dwarf-with-dsym";
				ENABLE_NS_ASSERTIONS = NO;
				ENABLE_STRICT_OBJC_MSGSEND = YES;
				GCC_C_LANGUAGE_STANDARD = gnu11;
				GCC_NO_COMMON_BLOCKS = YES;
				GCC_WARN_64_TO_32_BIT_CONVERSION = YES;
				GCC_WARN_ABOUT_RETURN_TYPE = YES_ERROR;
				GCC_WARN_UNDECLARED_SELECTOR = YES;
				GCC_WARN_UNINITIALIZED_AUTOS = YES_AGGRESSIVE;
				GCC_WARN_UNUSED_FUNCTION = YES;
				GCC_WARN_UNUSED_VARIABLE = YES;
				IPHONEOS_DEPLOYMENT_TARGET = 13.2;
				MTL_ENABLE_DEBUG_INFO = NO;
				MTL_FAST_MATH = YES;
				SDKROOT = iphoneos;
				SWIFT_COMPILATION_MODE = wholemodule;
				SWIFT_OPTIMIZATION_LEVEL = "-O";
				VALIDATE_PRODUCT = YES;
			};
			name = Release;
		};
		F711085B240D17E8002E0FCD /* Debug */ = {
			isa = XCBuildConfiguration;
			baseConfigurationReference = BBCCC93E95CF655852631B2B /* Pods-ZebaAcademy.debug.xcconfig */;
			buildSettings = {
				ASSETCATALOG_COMPILER_APPICON_NAME = AppIcon;
				CLANG_ENABLE_MODULES = YES;
				CODE_SIGN_STYLE = Automatic;
				DEVELOPMENT_TEAM = TU29VDT7MM;
				INFOPLIST_FILE = ZebaAcademy/Info.plist;
				LD_RUNPATH_SEARCH_PATHS = (
					"$(inherited)",
					"@executable_path/Frameworks",
				);
				PRODUCT_BUNDLE_IDENTIFIER = come.test262a.ZebaAcademy;
				PRODUCT_NAME = "$(TARGET_NAME)";
				SWIFT_OBJC_BRIDGING_HEADER = "ZebaAcademy/ZebaAcademy-Bridging-Header.h";
				SWIFT_OPTIMIZATION_LEVEL = "-Onone";
				SWIFT_VERSION = 5.0;
				TARGETED_DEVICE_FAMILY = "1,2";
			};
			name = Debug;
		};
		F711085C240D17E8002E0FCD /* Release */ = {
			isa = XCBuildConfiguration;
			baseConfigurationReference = BB6279CDF3AC1437426CABB9 /* Pods-ZebaAcademy.release.xcconfig */;
			buildSettings = {
				ASSETCATALOG_COMPILER_APPICON_NAME = AppIcon;
				CLANG_ENABLE_MODULES = YES;
				CODE_SIGN_STYLE = Automatic;
				DEVELOPMENT_TEAM = TU29VDT7MM;
				INFOPLIST_FILE = ZebaAcademy/Info.plist;
				LD_RUNPATH_SEARCH_PATHS = (
					"$(inherited)",
					"@executable_path/Frameworks",
				);
				PRODUCT_BUNDLE_IDENTIFIER = come.test262a.ZebaAcademy;
				PRODUCT_NAME = "$(TARGET_NAME)";
				SWIFT_OBJC_BRIDGING_HEADER = "ZebaAcademy/ZebaAcademy-Bridging-Header.h";
				SWIFT_VERSION = 5.0;
				TARGETED_DEVICE_FAMILY = "1,2";
			};
			name = Release;
		};
/* End XCBuildConfiguration section */

/* Begin XCConfigurationList section */
		F7110841240D17E2002E0FCD /* Build configuration list for PBXProject "ZebaAcademy" */ = {
			isa = XCConfigurationList;
			buildConfigurations = (
				F7110858240D17E8002E0FCD /* Debug */,
				F7110859240D17E8002E0FCD /* Release */,
			);
			defaultConfigurationIsVisible = 0;
			defaultConfigurationName = Release;
		};
		F711085A240D17E8002E0FCD /* Build configuration list for PBXNativeTarget "ZebaAcademy" */ = {
			isa = XCConfigurationList;
			buildConfigurations = (
				F711085B240D17E8002E0FCD /* Debug */,
				F711085C240D17E8002E0FCD /* Release */,
			);
			defaultConfigurationIsVisible = 0;
			defaultConfigurationName = Release;
		};
/* End XCConfigurationList section */
	};
	rootObject = F711083E240D17E2002E0FCD /* Project object */;
}
